// !$*UTF8*$!
{
	archiveVersion = 1;
	classes = {
	};
	objectVersion = 46;
	objects = {

/* Begin PBXBuildFile section */
		80A8979D1DD0FFD1005A98F2 /* AppDelegate.swift in Sources */ = {isa = PBXBuildFile; fileRef = 80A8979C1DD0FFD1005A98F2 /* AppDelegate.swift */; };
		80A8979F1DD0FFD1005A98F2 /* ViewController.swift in Sources */ = {isa = PBXBuildFile; fileRef = 80A8979E1DD0FFD1005A98F2 /* ViewController.swift */; };
		80A897A21DD0FFD2005A98F2 /* Main.storyboard in Resources */ = {isa = PBXBuildFile; fileRef = 80A897A01DD0FFD2005A98F2 /* Main.storyboard */; };
		80A897A41DD0FFD2005A98F2 /* Assets.xcassets in Resources */ = {isa = PBXBuildFile; fileRef = 80A897A31DD0FFD2005A98F2 /* Assets.xcassets */; };
		80A897A71DD0FFD2005A98F2 /* LaunchScreen.storyboard in Resources */ = {isa = PBXBuildFile; fileRef = 80A897A51DD0FFD2005A98F2 /* LaunchScreen.storyboard */; };
/* End PBXBuildFile section */

/* Begin PBXFileReference section */
		80A897991DD0FFD1005A98F2 /* MiraclePill.app */ = {isa = PBXFileReference; explicitFileType = wrapper.application; includeInIndex = 0; path = MiraclePill.app; sourceTree = BUILT_PRODUCTS_DIR; };
		80A8979C1DD0FFD1005A98F2 /* AppDelegate.swift */ = {isa = PBXFileReference; lastKnownFileType = sourcecode.swift; path = AppDelegate.swift; sourceTree = "<group>"; };
		80A8979E1DD0FFD1005A98F2 /* ViewController.swift */ = {isa = PBXFileReference; lastKnownFileType = sourcecode.swift; path = ViewController.swift; sourceTree = "<group>"; };
		80A897A11DD0FFD2005A98F2 /* Base */ = {isa = PBXFileReference; lastKnownFileType = file.storyboard; name = Base; path = Base.lproj/Main.storyboard; sourceTree = "<group>"; };
		80A897A31DD0FFD2005A98F2 /* Assets.xcassets */ = {isa = PBXFileReference; lastKnownFileType = folder.assetcatalog; path = Assets.xcassets; sourceTree = "<group>"; };
		80A897A61DD0FFD2005A98F2 /* Base */ = {isa = PBXFileReference; lastKnownFileType = file.storyboard; name = Base; path = Base.lproj/LaunchScreen.storyboard; sourceTree = "<group>"; };
		80A897A81DD0FFD2005A98F2 /* Info.plist */ = {isa = PBXFileReference; lastKnownFileType = text.plist.xml; path = Info.plist; sourceTree = "<group>"; };
/* End PBXFileReference section */

/* Begin PBXFrameworksBuildPhase section */
		80A897961DD0FFD1005A98F2 /* Frameworks */ = {
			isa = PBXFrameworksBuildPhase;
			buildActionMask = 2147483647;
			files = (
			);
			runOnlyForDeploymentPostprocessing = 0;
		};
/* End PBXFrameworksBuildPhase section */

/* Begin PBXGroup section */
		80A897901DD0FFD1005A98F2 = {
			isa = PBXGroup;
			children = (
				80A8979B1DD0FFD1005A98F2 /* MiraclePill */,
				80A8979A1DD0FFD1005A98F2 /* Products */,
			);
			sourceTree = "<group>";
		};
		80A8979A1DD0FFD1005A98F2 /* Products */ = {
			isa = PBXGroup;
			children = (
				80A897991DD0FFD1005A98F2 /* MiraclePill.app */,
			);
			name = Products;
			sourceTree = "<group>";
		};
		80A8979B1DD0FFD1005A98F2 /* MiraclePill */ = {
			isa = PBXGroup;
			children = (
				80A8979C1DD0FFD1005A98F2 /* AppDelegate.swift */,
				80A8979E1DD0FFD1005A98F2 /* ViewController.swift */,
				80A897A01DD0FFD2005A98F2 /* Main.storyboard */,
				80A897A31DD0FFD2005A98F2 /* Assets.xcassets */,
				80A897A51DD0FFD2005A98F2 /* LaunchScreen.storyboard */,
				80A897A81DD0FFD2005A98F2 /* Info.plist */,
			);
			path = MiraclePill;
			sourceTree = "<group>";
		};
/* End PBXGroup section */

/* Begin PBXNativeTarget section */
		80A897981DD0FFD1005A98F2 /* MiraclePill */ = {
			isa = PBXNativeTarget;
			buildConfigurationList = 80A897AB1DD0FFD2005A98F2 /* Build configuration list for PBXNativeTarget "MiraclePill" */;
			buildPhases = (
				80A897951DD0FFD1005A98F2 /* Sources */,
				80A897961DD0FFD1005A98F2 /* Frameworks */,
				80A897971DD0FFD1005A98F2 /* Resources */,
			);
			buildRules = (
			);
			dependencies = (
			);
			name = MiraclePill;
			productName = MiraclePill;
			productReference = 80A897991DD0FFD1005A98F2 /* MiraclePill.app */;
			productType = "com.apple.product-type.application";
		};
/* End PBXNativeTarget section */

/* Begin PBXProject section */
		80A897911DD0FFD1005A98F2 /* Project object */ = {
			isa = PBXProject;
			attributes = {
				LastSwiftUpdateCheck = 0810;
				LastUpgradeCheck = 0810;
				ORGANIZATIONNAME = "Humberto Sanchez";
				TargetAttributes = {
					80A897981DD0FFD1005A98F2 = {
						CreatedOnToolsVersion = 8.1;
						DevelopmentTeam = 56P9LV879B;
						ProvisioningStyle = Automatic;
					};
				};
			};
			buildConfigurationList = 80A897941DD0FFD1005A98F2 /* Build configuration list for PBXProject "MiraclePill" */;
			compatibilityVersion = "Xcode 3.2";
			developmentRegion = English;
			hasScannedForEncodings = 0;
			knownRegions = (
				en,
				Base,
			);
			mainGroup = 80A897901DD0FFD1005A98F2;
			productRefGroup = 80A8979A1DD0FFD1005A98F2 /* Products */;
			projectDirPath = "";
			projectRoot = "";
			targets = (
				80A897981DD0FFD1005A98F2 /* MiraclePill */,
			);
		};
/* End PBXProject section */

/* Begin PBXResourcesBuildPhase section */
		80A897971DD0FFD1005A98F2 /* Resources */ = {
			isa = PBXResourcesBuildPhase;
			buildActionMask = 2147483647;
			files = (
				80A897A71DD0FFD2005A98F2 /* LaunchScreen.storyboard in Resources */,
				80A897A41DD0FFD2005A98F2 /* Assets.xcassets in Resources */,
				80A897A21DD0FFD2005A98F2 /* Main.storyboard in Resources */,
			);
			runOnlyForDeploymentPostprocessing = 0;
		};
/* End PBXResourcesBuildPhase section */

/* Begin PBXSourcesBuildPhase section */
		80A897951DD0FFD1005A98F2 /* Sources */ = {
			isa = PBXSourcesBuildPhase;
			buildActionMask = 2147483647;
			files = (
				80A8979F1DD0FFD1005A98F2 /* ViewController.swift in Sources */,
				80A8979D1DD0FFD1005A98F2 /* AppDelegate.swift in Sources */,
			);
			runOnlyForDeploymentPostprocessing = 0;
		};
/* End PBXSourcesBuildPhase section */

/* Begin PBXVariantGroup section */
		80A897A01DD0FFD2005A98F2 /* Main.storyboard */ = {
			isa = PBXVariantGroup;
			children = (
				80A897A11DD0FFD2005A98F2 /* Base */,
			);
			name = Main.storyboard;
			sourceTree = "<group>";
		};
		80A897A51DD0FFD2005A98F2 /* LaunchScreen.storyboard */ = {
			isa = PBXVariantGroup;
			children = (
				80A897A61DD0FFD2005A98F2 /* Base */,
			);
			name = LaunchScreen.storyboard;
			sourceTree = "<group>";
		};
/* End PBXVariantGroup section */

/* Begin XCBuildConfiguration section */
		80A897A91DD0FFD2005A98F2 /* Debug */ = {
			isa = XCBuildConfiguration;
			buildSettings = {
				ALWAYS_SEARCH_USER_PATHS = NO;
				CLANG_ANALYZER_NONNULL = YES;
				CLANG_CXX_LANGUAGE_STANDARD = "gnu++0x";
				CLANG_CXX_LIBRARY = "libc++";
				CLANG_ENABLE_MODULES = YES;
				CLANG_ENABLE_OBJC_ARC = YES;
				CLANG_WARN_BOOL_CONVERSION = YES;
				CLANG_WARN_CONSTANT_CONVERSION = YES;
				CLANG_WARN_DIRECT_OBJC_ISA_USAGE = YES_ERROR;
				CLANG_WARN_DOCUMENTATION_COMMENTS = YES;
				CLANG_WARN_EMPTY_BODY = YES;
				CLANG_WARN_ENUM_CONVERSION = YES;
				CLANG_WARN_INFINITE_RECURSION = YES;
				CLANG_WARN_INT_CONVERSION = YES;
				CLANG_WARN_OBJC_ROOT_CLASS = YES_ERROR;
				CLANG_WARN_SUSPICIOUS_MOVES = YES;
				CLANG_WARN_UNREACHABLE_CODE = YES;
				CLANG_WARN__DUPLICATE_METHOD_MATCH = YES;
				"CODE_SIGN_IDENTITY[sdk=iphoneos*]" = "iPhone Developer";
				COPY_PHASE_STRIP = NO;
				DEBUG_INFORMATION_FORMAT = dwarf;
				ENABLE_STRICT_OBJC_MSGSEND = YES;
				ENABLE_TESTABILITY = YES;
				GCC_C_LANGUAGE_STANDARD = gnu99;
				GCC_DYNAMIC_NO_PIC = NO;
				GCC_NO_COMMON_BLOCKS = YES;
				GCC_OPTIMIZATION_LEVEL = 0;
				GCC_PREPROCESSOR_DEFINITIONS = (
					"DEBUG=1",
					"$(inherited)",
				);
				GCC_WARN_64_TO_32_BIT_CONVERSION = YES;
				GCC_WARN_ABOUT_RETURN_TYPE = YES_ERROR;
				GCC_WARN_UNDECLARED_SELECTOR = YES;
				GCC_WARN_UNINITIALIZED_AUTOS = YES_AGGRESSIVE;
				GCC_WARN_UNUSED_FUNCTION = YES;
				GCC_WARN_UNUSED_VARIABLE = YES;
				IPHONEOS_DEPLOYMENT_TARGET = 10.1;
				MTL_ENABLE_DEBUG_INFO = YES;
				ONLY_ACTIVE_ARCH = YES;
				SDKROOT = iphoneos;
				SWIFT_ACTIVE_COMPILATION_CONDITIONS = DEBUG;
				SWIFT_OPTIMIZATION_LEVEL = "-Onone";
				TARGETED_DEVICE_FAMILY = "1,2";
			};
			name = Debug;
		};
		80A897AA1DD0FFD2005A98F2 /* Release */ = {
			isa = XCBuildConfiguration;
			buildSettings = {
				ALWAYS_SEARCH_USER_PATHS = NO;
				CLANG_ANALYZER_NONNULL = YES;
				CLANG_CXX_LANGUAGE_STANDARD = "gnu++0x";
				CLANG_CXX_LIBRARY = "libc++";
				CLANG_ENABLE_MODULES = YES;
				CLANG_ENABLE_OBJC_ARC = YES;
				CLANG_WARN_BOOL_CONVERSION = YES;
				CLANG_WARN_CONSTANT_CONVERSION = YES;
				CLANG_WARN_DIRECT_OBJC_ISA_USAGE = YES_ERROR;
				CLANG_WARN_DOCUMENTATION_COMMENTS = YES;
				CLANG_WARN_EMPTY_BODY = YES;
				CLANG_WARN_ENUM_CONVERSION = YES;
				CLANG_WARN_INFINITE_RECURSION = YES;
				CLANG_WARN_INT_CONVERSION = YES;
				CLANG_WARN_OBJC_ROOT_CLASS = YES_ERROR;
				CLANG_WARN_SUSPICIOUS_MOVES = YES;
				CLANG_WARN_UNREACHABLE_CODE = YES;
				CLANG_WARN__DUPLICATE_METHOD_MATCH = YES;
				"CODE_SIGN_IDENTITY[sdk=iphoneos*]" = "iPhone Developer";
				COPY_PHASE_STRIP = NO;
				DEBUG_INFORMATION_FORMAT = "dwarf-with-dsym";
				ENABLE_NS_ASSERTIONS = NO;
				ENABLE_STRICT_OBJC_MSGSEND = YES;
				GCC_C_LANGUAGE_STANDARD = gnu99;
				GCC_NO_COMMON_BLOCKS = YES;
				GCC_WARN_64_TO_32_BIT_CONVERSION = YES;
				GCC_WARN_ABOUT_RETURN_TYPE = YES_ERROR;
				GCC_WARN_UNDECLARED_SELECTOR = YES;
				GCC_WARN_UNINITIALIZED_AUTOS = YES_AGGRESSIVE;
				GCC_WARN_UNUSED_FUNCTION = YES;
				GCC_WARN_UNUSED_VARIABLE = YES;
				IPHONEOS_DEPLOYMENT_TARGET = 10.1;
				MTL_ENABLE_DEBUG_INFO = NO;
				SDKROOT = iphoneos;
				SWIFT_OPTIMIZATION_LEVEL = "-Owholemodule";
				TARGETED_DEVICE_FAMILY = "1,2";
				VALIDATE_PRODUCT = YES;
			};
			name = Release;
		};
		80A897AC1DD0FFD2005A98F2 /* Debug */ = {
			isa = XCBuildConfiguration;
			buildSettings = {
				ASSETCATALOG_COMPILER_APPICON_NAME = AppIcon;
				DEVELOPMENT_TEAM = 56P9LV879B;
				INFOPLIST_FILE = MiraclePill/Info.plist;
				LD_RUNPATH_SEARCH_PATHS = "$(inherited) @executable_path/Frameworks";
				PRODUCT_BUNDLE_IDENTIFIER = com.ibm.cio.be.hslara.MiraclePill;
				PRODUCT_NAME = "$(TARGET_NAME)";
				SWIFT_VERSION = 3.0;
			};
			name = Debug;
		};
		80A897AD1DD0FFD2005A98F2 /* Release */ = {
			isa = XCBuildConfiguration;
			buildSettings = {
				ASSETCATALOG_COMPILER_APPICON_NAME = AppIcon;
				DEVELOPMENT_TEAM = 56P9LV879B;
				INFOPLIST_FILE = MiraclePill/Info.plist;
				LD_RUNPATH_SEARCH_PATHS = "$(inherited) @executable_path/Frameworks";
				PRODUCT_BUNDLE_IDENTIFIER = com.ibm.cio.be.hslara.MiraclePill;
				PRODUCT_NAME = "$(TARGET_NAME)";
				SWIFT_VERSION = 3.0;
			};
			name = Release;
		};
/* End XCBuildConfiguration section */

/* Begin XCConfigurationList section */
		80A897941DD0FFD1005A98F2 /* Build configuration list for PBXProject "MiraclePill" */ = {
			isa = XCConfigurationList;
			buildConfigurations = (
				80A897A91DD0FFD2005A98F2 /* Debug */,
				80A897AA1DD0FFD2005A98F2 /* Release */,
			);
			defaultConfigurationIsVisible = 0;
			defaultConfigurationName = Release;
		};
		80A897AB1DD0FFD2005A98F2 /* Build configuration list for PBXNativeTarget "MiraclePill" */ = {
			isa = XCConfigurationList;
			buildConfigurations = (
				80A897AC1DD0FFD2005A98F2 /* Debug */,
				80A897AD1DD0FFD2005A98F2 /* Release */,
			);
			defaultConfigurationIsVisible = 0;
		};
/* End XCConfigurationList section */
	};
	rootObject = 80A897911DD0FFD1005A98F2 /* Project object */;
}
